{
  "nodes": {
    "flake-utils": {
      "locked": {
        "lastModified": 1667395993,
        "narHash": "sha256-nuEHfE/LcWyuSWnS8t12N1wc105Qtau+/OdUAjtQ0rA=",
        "owner": "numtide",
        "repo": "flake-utils",
        "rev": "5aed5285a952e0b949eb3ba02c12fa4fcfef535f",
        "type": "github"
      },
      "original": {
        "owner": "numtide",
        "repo": "flake-utils",
        "type": "github"
      }
    },
    "flake-utils_2": {
      "locked": {
        "lastModified": 1667395993,
        "narHash": "sha256-nuEHfE/LcWyuSWnS8t12N1wc105Qtau+/OdUAjtQ0rA=",
        "owner": "numtide",
        "repo": "flake-utils",
        "rev": "5aed5285a952e0b949eb3ba02c12fa4fcfef535f",
        "type": "github"
      },
      "original": {
        "owner": "numtide",
        "repo": "flake-utils",
        "type": "github"
      }
    },
    "nix-filter": {
      "locked": {
        "lastModified": 1666547822,
        "narHash": "sha256-razwnAybPHyoAyhkKCwXdxihIqJi1G6e1XP4FQOJTEs=",
        "owner": "numtide",
        "repo": "nix-filter",
        "rev": "1a3b735e13e90a8d2fd5629f2f8363bd7ffbbec7",
        "type": "github"
      },
      "original": {
        "owner": "numtide",
        "repo": "nix-filter",
        "type": "github"
      }
    },
    "nixpkgs": {
      "inputs": {
        "flake-utils": "flake-utils_2",
        "nixpkgs": "nixpkgs_2"
      },
      "locked": {
        "lastModified": 1670608635,
        "narHash": "sha256-jjyCm/seT/1qlYObPTM19kfKQrlv7Rz9znD2xm6EVRU=",
        "owner": "nix-ocaml",
        "repo": "nix-overlays",
        "rev": "de5ff32c213828d784a4fe8a2944426eb4fd9c15",
        "type": "github"
      },
      "original": {
        "owner": "nix-ocaml",
        "repo": "nix-overlays",
        "type": "github"
      }
    },
    "nixpkgs_2": {
      "locked": {
        "lastModified": 1670566912,
        "narHash": "sha256-xOmQ1V8DvmgnlCqx/gQGrRctVnujTWBp4N9A+wr4+50=",
        "owner": "NixOS",
        "repo": "nixpkgs",
        "rev": "9e4a15be2c56ef710392d3464ce68b298fcafe84",
        "type": "github"
      },
      "original": {
        "owner": "NixOS",
        "repo": "nixpkgs",
        "rev": "9e4a15be2c56ef710392d3464ce68b298fcafe84",
        "type": "github"
      }
    },
    "ocaml-overlay": {
      "inputs": {
        "flake-utils": [
          "flake-utils"
        ],
        "nixpkgs": [
          "nixpkgs"
        ]
      },
      "locked": {
        "lastModified": 1670608635,
        "narHash": "sha256-jjyCm/seT/1qlYObPTM19kfKQrlv7Rz9znD2xm6EVRU=",
        "owner": "nix-ocaml",
        "repo": "nix-overlays",
        "rev": "de5ff32c213828d784a4fe8a2944426eb4fd9c15",
        "type": "github"
      },
      "original": {
        "owner": "nix-ocaml",
        "repo": "nix-overlays",
        "type": "github"
      }
    },
    "root": {
      "inputs": {
        "flake-utils": "flake-utils",
        "nix-filter": "nix-filter",
        "nixpkgs": "nixpkgs",
        "ocaml-overlay": "ocaml-overlay"
      }
    }
  },
  "root": "root",
  "version": 7
}
